
Microsoft Visual Studio Solution File, Format Version 12.00
# Visual Studio 15
VisualStudioVersion = 15.0.27428.2037
MinimumVisualStudioVersion = 10.0.40219.1
Project("{FAE04EC0-301F-11D3-BF4B-00C04F79EFBC}") = "FairSeatAssignment", "FairSeatAssignment\FairSeatAssignment.csproj", "{F70A5B60-C291-4D1D-9E9A-043E5BC48977}"
EndProject
Global
	GlobalSection(SolutionConfigurationPlatforms) = preSolution
		Debug|Any CPU = Debug|Any CPU
		Release|Any CPU = Release|Any CPU
	EndGlobalSection
	GlobalSection(ProjectConfigurationPlatforms) = postSolution
		{F70A5B60-C291-4D1D-9E9A-043E5BC48977}.Debug|Any CPU.ActiveCfg = Debug|Any CPU
		{F70A5B60-C291-4D1D-9E9A-043E5BC48977}.Debug|Any CPU.Build.0 = Debug|Any CPU
		{F70A5B60-C291-4D1D-9E9A-043E5BC48977}.Release|Any CPU.ActiveCfg = Release|Any CPU
		{F70A5B60-C291-4D1D-9E9A-043E5BC48977}.Release|Any CPU.Build.0 = Release|Any CPU
	EndGlobalSection
	GlobalSection(SolutionProperties) = preSolution
		HideSolutionNode = FALSE
	EndGlobalSection
	GlobalSection(ExtensibilityGlobals) = postSolution
		SolutionGuid = {7344F435-B33F-42C5-BA26-96E99D2290CA}
	EndGlobalSection
EndGlobal
